
Microsoft Visual Studio Solution File, Format Version 12.00
# Visual Studio Version 17
VisualStudioVersion = 17.10.35013.160
MinimumVisualStudioVersion = 10.0.40219.1
Project("{FAE04EC0-301F-11D3-BF4B-00C04F79EFBC}") = "ReactBlog.Server", "ReactBlog.Server\ReactBlog.Server.csproj", "{0EDD832E-3155-4BB3-9E30-3C6A8C1CACE2}"
EndProject
Project("{54A90642-561A-4BB1-A94E-469ADEE60C69}") = "reactblog.client", "reactblog.client\reactblog.client.esproj", "{BDBC1B7C-29E7-4312-8CA3-A6ED2A17C0DC}"
EndProject
Global
	GlobalSection(SolutionConfigurationPlatforms) = preSolution
		Debug|Any CPU = Debug|Any CPU
		Release|Any CPU = Release|Any CPU
	EndGlobalSection
	GlobalSection(ProjectConfigurationPlatforms) = postSolution
		{0EDD832E-3155-4BB3-9E30-3C6A8C1CACE2}.Debug|Any CPU.ActiveCfg = Debug|Any CPU
		{0EDD832E-3155-4BB3-9E30-3C6A8C1CACE2}.Debug|Any CPU.Build.0 = Debug|Any CPU
		{0EDD832E-3155-4BB3-9E30-3C6A8C1CACE2}.Release|Any CPU.ActiveCfg = Release|Any CPU
		{0EDD832E-3155-4BB3-9E30-3C6A8C1CACE2}.Release|Any CPU.Build.0 = Release|Any CPU
		{BDBC1B7C-29E7-4312-8CA3-A6ED2A17C0DC}.Debug|Any CPU.ActiveCfg = Debug|Any CPU
		{BDBC1B7C-29E7-4312-8CA3-A6ED2A17C0DC}.Debug|Any CPU.Build.0 = Debug|Any CPU
		{BDBC1B7C-29E7-4312-8CA3-A6ED2A17C0DC}.Debug|Any CPU.Deploy.0 = Debug|Any CPU
		{BDBC1B7C-29E7-4312-8CA3-A6ED2A17C0DC}.Release|Any CPU.ActiveCfg = Release|Any CPU
		{BDBC1B7C-29E7-4312-8CA3-A6ED2A17C0DC}.Release|Any CPU.Build.0 = Release|Any CPU
		{BDBC1B7C-29E7-4312-8CA3-A6ED2A17C0DC}.Release|Any CPU.Deploy.0 = Release|Any CPU
	EndGlobalSection
	GlobalSection(SolutionProperties) = preSolution
		HideSolutionNode = FALSE
	EndGlobalSection
	GlobalSection(ExtensibilityGlobals) = postSolution
		SolutionGuid = {D919D7A3-53AA-47CA-8779-2F954E400497}
	EndGlobalSection
EndGlobal
